github.com/joho/godotenv v1.3.0 h1:Zjp+RcGpHhGlrMbJzXTrZZPrWj+1vfm90La1wgB6Bhc=
github.com/joho/godotenv v1.3.0/go.mod h1:7hK45KPybAkOC6peb+G5yklZfMxEjkZhHbwpqxOKXbg=
github.com/pascaldekloe/goe v0.1.0/go.mod h1:lzWF7FIEvWOWxwDKqyGYQf6ZUaNfKdP144TG7ZOy1lc=
gocv.io/x/gocv v0.27.0 h1:3X8I74ULsWHd4m7DQRv2Nqx5VkKscfUFnKgLNodiboI=
gocv.io/x/gocv v0.27.0/go.mod h1:n4LnYjykU6y9gn48yZf4eLCdtuSb77XxSkW6g0wGf/A=
